{
  "name": "ts-incremental-test",
  "version": "1.0.0",
  "lockfileVersion": 1,
  "requires": true,
  "dependencies": {
    "@types/node": {
      "version": "12.11.0",
      "resolved": "https://registry.npmjs.org/@types/node/-/node-12.11.0.tgz",
      "integrity": "sha512-7v0K9WHdjFpE3LMj1rdRan7PDO2d9Qky51T0cYzzk7fWoqoYKu/fZHnrF7OhNZVx0uKwYoQFMZ3dgVD51s/vYA==",
      "dev": true
    },
    "typescript": {
      "version": "3.6.3",
      "resolved": "https://registry.npmjs.org/typescript/-/typescript-3.6.3.tgz",
      "integrity": "sha512-N7bceJL1CtRQ2RiG0AQME13ksR7DiuQh/QehubYcghzv20tnh+MQnQIuJddTmsbqYj+dztchykemz0zFzlvdQw==",
      "dev": true
    }
  }
}
